
Microsoft Visual Studio Solution File, Format Version 12.00
# Visual Studio 15
Project("{FAE04EC0-301F-11D3-BF4B-00C04F79EFBC}") = "Tarim.Api", "Tarim.Api\Tarim.Api.csproj", "{4266A79C-6D32-4532-9BEF-F034E3899826}"
EndProject
Project("{FAE04EC0-301F-11D3-BF4B-00C04F79EFBC}") = "Tarim.Api.Infrastructure", "Tarim.Api.Infrastructure\Tarim.Api.Infrastructure.csproj", "{88C7E7D0-561D-4739-9DCA-686A30886B1A}"
EndProject
Project("{FAE04EC0-301F-11D3-BF4B-00C04F79EFBC}") = "Tarim.Api.Infrastructure.Interface", "Tarim.Api.Infrastructure.Interface\Tarim.Api.Infrastructure.Interface.csproj", "{C68B0EEE-0097-4262-B0E8-AD2D5717A26C}"
EndProject
Project("{FAE04EC0-301F-11D3-BF4B-00C04F79EFBC}") = "Tarim.Api.Infrastructure.Common", "Tarim.Api.Infrastructure.Common\Tarim.Api.Infrastructure.Common.csproj", "{75EF4C6F-0EEE-41A8-9CC2-EBFA3981298F}"
EndProject
Project("{FAE04EC0-301F-11D3-BF4B-00C04F79EFBC}") = "Tarim.Api.Infrastructure.Model", "Tarim.Api.Infrastructure.Model\Tarim.Api.Infrastructure.Model.csproj", "{89E34272-E6E8-48F3-B695-8939D620E7F7}"
EndProject
Project("{FAE04EC0-301F-11D3-BF4B-00C04F79EFBC}") = "Tarim.Api.Infrastructure.Service", "Tarim.Api.Infrastructure.Service\Tarim.Api.Infrastructure.Service.csproj", "{C2BF214C-C77F-49CD-B489-A2FFC03B4DB9}"
EndProject
Project("{FAE04EC0-301F-11D3-BF4B-00C04F79EFBC}") = "Tarim.API.TEST", "Tarim.API.TEST\Tarim.API.TEST.csproj", "{19C20CEB-AA24-4E91-B3A4-F3543FD3E937}"
EndProject
Project("{2150E333-8FDC-42A3-9474-1A3956D46DE8}") = "Solution Items", "Solution Items", "{554EF447-F163-453B-82B5-19C96A0224B8}"
	ProjectSection(SolutionItems) = preProject
		.EditorConfig = .EditorConfig
	EndProjectSection
EndProject
Global
	GlobalSection(SolutionConfigurationPlatforms) = preSolution
		Debug|Any CPU = Debug|Any CPU
		Release|Any CPU = Release|Any CPU
	EndGlobalSection
	GlobalSection(ProjectConfigurationPlatforms) = postSolution
		{4266A79C-6D32-4532-9BEF-F034E3899826}.Debug|Any CPU.ActiveCfg = Debug|Any CPU
		{4266A79C-6D32-4532-9BEF-F034E3899826}.Debug|Any CPU.Build.0 = Debug|Any CPU
		{4266A79C-6D32-4532-9BEF-F034E3899826}.Release|Any CPU.ActiveCfg = Release|Any CPU
		{4266A79C-6D32-4532-9BEF-F034E3899826}.Release|Any CPU.Build.0 = Release|Any CPU
		{88C7E7D0-561D-4739-9DCA-686A30886B1A}.Debug|Any CPU.ActiveCfg = Debug|Any CPU
		{88C7E7D0-561D-4739-9DCA-686A30886B1A}.Debug|Any CPU.Build.0 = Debug|Any CPU
		{88C7E7D0-561D-4739-9DCA-686A30886B1A}.Release|Any CPU.ActiveCfg = Release|Any CPU
		{88C7E7D0-561D-4739-9DCA-686A30886B1A}.Release|Any CPU.Build.0 = Release|Any CPU
		{C68B0EEE-0097-4262-B0E8-AD2D5717A26C}.Debug|Any CPU.ActiveCfg = Debug|Any CPU
		{C68B0EEE-0097-4262-B0E8-AD2D5717A26C}.Debug|Any CPU.Build.0 = Debug|Any CPU
		{C68B0EEE-0097-4262-B0E8-AD2D5717A26C}.Release|Any CPU.ActiveCfg = Release|Any CPU
		{C68B0EEE-0097-4262-B0E8-AD2D5717A26C}.Release|Any CPU.Build.0 = Release|Any CPU
		{75EF4C6F-0EEE-41A8-9CC2-EBFA3981298F}.Debug|Any CPU.ActiveCfg = Debug|Any CPU
		{75EF4C6F-0EEE-41A8-9CC2-EBFA3981298F}.Debug|Any CPU.Build.0 = Debug|Any CPU
		{75EF4C6F-0EEE-41A8-9CC2-EBFA3981298F}.Release|Any CPU.ActiveCfg = Release|Any CPU
		{75EF4C6F-0EEE-41A8-9CC2-EBFA3981298F}.Release|Any CPU.Build.0 = Release|Any CPU
		{89E34272-E6E8-48F3-B695-8939D620E7F7}.Debug|Any CPU.ActiveCfg = Debug|Any CPU
		{89E34272-E6E8-48F3-B695-8939D620E7F7}.Debug|Any CPU.Build.0 = Debug|Any CPU
		{89E34272-E6E8-48F3-B695-8939D620E7F7}.Release|Any CPU.ActiveCfg = Release|Any CPU
		{89E34272-E6E8-48F3-B695-8939D620E7F7}.Release|Any CPU.Build.0 = Release|Any CPU
		{C2BF214C-C77F-49CD-B489-A2FFC03B4DB9}.Debug|Any CPU.ActiveCfg = Debug|Any CPU
		{C2BF214C-C77F-49CD-B489-A2FFC03B4DB9}.Debug|Any CPU.Build.0 = Debug|Any CPU
		{C2BF214C-C77F-49CD-B489-A2FFC03B4DB9}.Release|Any CPU.ActiveCfg = Release|Any CPU
		{C2BF214C-C77F-49CD-B489-A2FFC03B4DB9}.Release|Any CPU.Build.0 = Release|Any CPU
		{19C20CEB-AA24-4E91-B3A4-F3543FD3E937}.Debug|Any CPU.ActiveCfg = Debug|Any CPU
		{19C20CEB-AA24-4E91-B3A4-F3543FD3E937}.Debug|Any CPU.Build.0 = Debug|Any CPU
		{19C20CEB-AA24-4E91-B3A4-F3543FD3E937}.Release|Any CPU.ActiveCfg = Release|Any CPU
		{19C20CEB-AA24-4E91-B3A4-F3543FD3E937}.Release|Any CPU.Build.0 = Release|Any CPU
	EndGlobalSection
	GlobalSection(MonoDevelopProperties) = preSolution
		Policies = $0
		$0.TextStylePolicy = $1
		$1.inheritsSet = null
		$1.scope = text/x-csharp
		$0.CSharpFormattingPolicy = $2
		$2.scope = text/x-csharp
		$0.TextStylePolicy = $3
		$3.FileWidth = 80
		$3.TabsToSpaces = True
		$3.scope = text/plain
		$0.TextStylePolicy = $4
		$4.inheritsSet = null
		$4.scope = text/x-json
		$0.JSONFormattingPolicy = $5
		$5.AutoStructureCompletion = True
		$5.BracePositions = SemiExpanded
		$5.FormatOnPaste = True
		$5.scope = text/x-json
		$0.TextStylePolicy = $6
		$6.inheritsSet = null
		$6.scope = text/x-web
		$0.TextStylePolicy = $7
		$7.inheritsSet = null
		$7.scope = text/x-vs
		$0.StandardHeader = $8
		$8.Text = @\n Author:\n   ${AuthorName} ${AuthorEmail}\n\n Copyright (c) ${Year}, ${CopyrightHolder}\n\n All rights reserved.\n\n Redistribution and use in source and binary forms, with or without modification, are permitted provided that the following conditions are met:\n\n    * Redistributions of source code must retain the above copyright notice, this list of conditions and the following disclaimer.\n    * Redistributions in binary form must reproduce the above copyright notice, this list of conditions and the following disclaimer in\n      the documentation and/or other materials provided with the distribution.\n    * Neither the name of the [ORGANIZATION] nor the names of its contributors may be used to endorse or promote products derived from this software without specific prior written permission.\n\n THIS SOFTWARE IS PROVIDED BY THE COPYRIGHT HOLDERS AND CONTRIBUTORS\n "AS IS" AND ANY EXPRESS OR IMPLIED WARRANTIES, INCLUDING, BUT NOT\n LIMITED TO, THE IMPLIED WARRANTIES OF MERCHANTABILITY AND FITNESS FOR\n A PARTICULAR PURPOSE ARE DISCLAIMED. IN NO EVENT SHALL THE COPYRIGHT OWNER OR\n CONTRIBUTORS BE LIABLE FOR ANY DIRECT, INDIRECT, INCIDENTAL, SPECIAL,\n EXEMPLARY, OR CONSEQUENTIAL DAMAGES (INCLUDING, BUT NOT LIMITED TO,\n PROCUREMENT OF SUBSTITUTE GOODS OR SERVICES; LOSS OF USE, DATA, OR\n PROFITS; OR BUSINESS INTERRUPTION) HOWEVER CAUSED AND ON ANY THEORY OF\n LIABILITY, WHETHER IN CONTRACT, STRICT LIABILITY, OR TORT (INCLUDING\n NEGLIGENCE OR OTHERWISE) ARISING IN ANY WAY OUT OF THE USE OF THIS\n SOFTWARE, EVEN IF ADVISED OF THE POSSIBILITY OF SUCH DAMAGE.\n
		$0.VersionControlPolicy = $9
	EndGlobalSection
EndGlobal
